Microsoft Visual Studio Solution File, Format Version 11.00
# Visual Studio 2008

Project("{CDF7199D-EF22-3DE7-2BFB-EA84A9A7C6D4}") = "CrimsonExperimentReal_update", "Assembly-CSharp-firstpass.csproj", "{AEB87240-3409-CA98-E3F0-EA496335D91D}"
EndProject
Project("{CDF7199D-EF22-3DE7-2BFB-EA84A9A7C6D4}") = "CrimsonExperimentReal_update", "Assembly-CSharp.csproj", "{C4CD4D3B-0DD7-461C-D1C2-582B630DEF56}"
EndProject
Project("{CDF7199D-EF22-3DE7-2BFB-EA84A9A7C6D4}") = "CrimsonExperimentReal_update", "Assembly-CSharp-Editor.csproj", "{5124AF91-070C-D8BC-203F-288009C04B9B}"
EndProject
Project("{CDF7199D-EF22-3DE7-2BFB-EA84A9A7C6D4}") = "CrimsonExperimentReal_update", "Assembly-UnityScript-firstpass.unityproj", "{8E6BC2D5-C513-F432-628E-6DD4E162C39E}"
EndProject
Project("{CDF7199D-EF22-3DE7-2BFB-EA84A9A7C6D4}") = "CrimsonExperimentReal_update", "Assembly-UnityScript.unityproj", "{CA625761-2308-6932-2728-AAEB0B098F38}"
EndProject
Global
	GlobalSection(SolutionConfigurationPlatforms) = preSolution
		Debug|Any CPU = Debug|Any CPU
		Release|Any CPU = Release|Any CPU
	EndGlobalSection
	GlobalSection(ProjectConfigurationPlatforms) = postSolution
		{AEB87240-3409-CA98-E3F0-EA496335D91D}.Debug|Any CPU.ActiveCfg = Debug|Any CPU
		{AEB87240-3409-CA98-E3F0-EA496335D91D}.Debug|Any CPU.Build.0 = Debug|Any CPU
		{AEB87240-3409-CA98-E3F0-EA496335D91D}.Release|Any CPU.ActiveCfg = Release|Any CPU
		{AEB87240-3409-CA98-E3F0-EA496335D91D}.Release|Any CPU.Build.0 = Release|Any CPU
		{C4CD4D3B-0DD7-461C-D1C2-582B630DEF56}.Debug|Any CPU.ActiveCfg = Debug|Any CPU
		{C4CD4D3B-0DD7-461C-D1C2-582B630DEF56}.Debug|Any CPU.Build.0 = Debug|Any CPU
		{C4CD4D3B-0DD7-461C-D1C2-582B630DEF56}.Release|Any CPU.ActiveCfg = Release|Any CPU
		{C4CD4D3B-0DD7-461C-D1C2-582B630DEF56}.Release|Any CPU.Build.0 = Release|Any CPU
		{5124AF91-070C-D8BC-203F-288009C04B9B}.Debug|Any CPU.ActiveCfg = Debug|Any CPU
		{5124AF91-070C-D8BC-203F-288009C04B9B}.Debug|Any CPU.Build.0 = Debug|Any CPU
		{5124AF91-070C-D8BC-203F-288009C04B9B}.Release|Any CPU.ActiveCfg = Release|Any CPU
		{5124AF91-070C-D8BC-203F-288009C04B9B}.Release|Any CPU.Build.0 = Release|Any CPU
		{8E6BC2D5-C513-F432-628E-6DD4E162C39E}.Debug|Any CPU.ActiveCfg = Debug|Any CPU
		{8E6BC2D5-C513-F432-628E-6DD4E162C39E}.Debug|Any CPU.Build.0 = Debug|Any CPU
		{8E6BC2D5-C513-F432-628E-6DD4E162C39E}.Release|Any CPU.ActiveCfg = Release|Any CPU
		{8E6BC2D5-C513-F432-628E-6DD4E162C39E}.Release|Any CPU.Build.0 = Release|Any CPU
		{CA625761-2308-6932-2728-AAEB0B098F38}.Debug|Any CPU.ActiveCfg = Debug|Any CPU
		{CA625761-2308-6932-2728-AAEB0B098F38}.Debug|Any CPU.Build.0 = Debug|Any CPU
		{CA625761-2308-6932-2728-AAEB0B098F38}.Release|Any CPU.ActiveCfg = Release|Any CPU
		{CA625761-2308-6932-2728-AAEB0B098F38}.Release|Any CPU.Build.0 = Release|Any CPU
	EndGlobalSection
	GlobalSection(SolutionProperties) = preSolution
		HideSolutionNode = FALSE
	EndGlobalSection
											GlobalSection(MonoDevelopProperties) = preSolution
		StartupItem = Assembly-CSharp.csproj
		Policies = $0
		$0.TextStylePolicy = $1
		$1.inheritsSet = null
		$1.scope = text/x-csharp
		$0.CSharpFormattingPolicy = $2
		$2.inheritsSet = Mono
		$2.inheritsScope = text/x-csharp
		$2.scope = text/x-csharp
		$0.TextStylePolicy = $3
		$3.FileWidth = 120
		$3.TabWidth = 4
		$3.EolMarker = Unix
		$3.inheritsSet = Mono
		$3.inheritsScope = text/plain
		$3.scope = text/plain
	EndGlobalSection

EndGlobal
